
Microsoft Visual Studio Solution File, Format Version 12.00
Project("{F2A71F9B-5D33-465A-A702-920D77279786}") = "Day1-RocketEquation", "Day1-RocketEquation\Day1-RocketEquation.fsproj", "{C6935049-C079-4C4C-960A-82736589192E}"
EndProject
Project("{F2A71F9B-5D33-465A-A702-920D77279786}") = "Day1-RocketEquation.Tests", "Day1-RocketEquation.Tests\Day1-RocketEquation.Tests.fsproj", "{874D72E2-DFD7-48A7-A906-545C1DEA6509}"
EndProject
Project("{F2A71F9B-5D33-465A-A702-920D77279786}") = "Day2-1202ProgramAlarm", "Day2-1202ProgramAlarm\Day2-1202ProgramAlarm.fsproj", "{9EB97825-2A90-4198-B7DD-1206BA57134A}"
EndProject
Project("{F2A71F9B-5D33-465A-A702-920D77279786}") = "Day2-1202ProgramAlarm.Tests", "Day2-1202ProgramAlarm.Tests\Day2-1202ProgramAlarm.Tests.fsproj", "{28563EAA-194F-4A1C-835A-94C0A68AA713}"
EndProject
Project("{F2A71F9B-5D33-465A-A702-920D77279786}") = "Day3-CrossedWires", "Day3-CrossedWires\Day3-CrossedWires.fsproj", "{DA6A18F7-D842-44B8-91D9-124BBCA45023}"
EndProject
Project("{F2A71F9B-5D33-465A-A702-920D77279786}") = "Day3-CrossedWires.Tests", "Day3-CrossedWires.Tests\Day3-CrossedWires.Tests.fsproj", "{3599663A-9643-45CE-8050-32640F261688}"
EndProject
Project("{F2A71F9B-5D33-465A-A702-920D77279786}") = "Day4-SecureContainer", "Day4-SecureContainer\Day4-SecureContainer.fsproj", "{196785BC-C3F2-4909-85A8-15E8CB8EB542}"
EndProject
Project("{F2A71F9B-5D33-465A-A702-920D77279786}") = "Day4-SecureContainer.Tests", "Day4-SecureContainer.Tests\Day4-SecureContainer.Tests.fsproj", "{DC30BB4E-EA89-487F-A42C-A4E685D7FB7B}"
EndProject
Project("{F2A71F9B-5D33-465A-A702-920D77279786}") = "Day5-SunnyWithAChanceOfAsteroids", "Day5-SunnyWithAChanceOfAsteroids\Day5-SunnyWithAChanceOfAsteroids.fsproj", "{E7013FF8-A4CA-48BC-83EC-60A0FA897BB6}"
EndProject
Project("{F2A71F9B-5D33-465A-A702-920D77279786}") = "Day6-UniversalOrbitMap", "Day6-UniversalOrbitMap\Day6-UniversalOrbitMap.fsproj", "{931F5233-9DC1-4B9D-9AA6-9A6D5D637EA9}"
EndProject
Global
	GlobalSection(SolutionConfigurationPlatforms) = preSolution
		Debug|Any CPU = Debug|Any CPU
		Release|Any CPU = Release|Any CPU
	EndGlobalSection
	GlobalSection(ProjectConfigurationPlatforms) = postSolution
		{C6935049-C079-4C4C-960A-82736589192E}.Debug|Any CPU.ActiveCfg = Debug|Any CPU
		{C6935049-C079-4C4C-960A-82736589192E}.Debug|Any CPU.Build.0 = Debug|Any CPU
		{C6935049-C079-4C4C-960A-82736589192E}.Release|Any CPU.ActiveCfg = Release|Any CPU
		{C6935049-C079-4C4C-960A-82736589192E}.Release|Any CPU.Build.0 = Release|Any CPU
		{874D72E2-DFD7-48A7-A906-545C1DEA6509}.Debug|Any CPU.ActiveCfg = Debug|Any CPU
		{874D72E2-DFD7-48A7-A906-545C1DEA6509}.Debug|Any CPU.Build.0 = Debug|Any CPU
		{874D72E2-DFD7-48A7-A906-545C1DEA6509}.Release|Any CPU.ActiveCfg = Release|Any CPU
		{874D72E2-DFD7-48A7-A906-545C1DEA6509}.Release|Any CPU.Build.0 = Release|Any CPU
		{9EB97825-2A90-4198-B7DD-1206BA57134A}.Debug|Any CPU.ActiveCfg = Debug|Any CPU
		{9EB97825-2A90-4198-B7DD-1206BA57134A}.Debug|Any CPU.Build.0 = Debug|Any CPU
		{9EB97825-2A90-4198-B7DD-1206BA57134A}.Release|Any CPU.ActiveCfg = Release|Any CPU
		{9EB97825-2A90-4198-B7DD-1206BA57134A}.Release|Any CPU.Build.0 = Release|Any CPU
		{28563EAA-194F-4A1C-835A-94C0A68AA713}.Debug|Any CPU.ActiveCfg = Debug|Any CPU
		{28563EAA-194F-4A1C-835A-94C0A68AA713}.Debug|Any CPU.Build.0 = Debug|Any CPU
		{28563EAA-194F-4A1C-835A-94C0A68AA713}.Release|Any CPU.ActiveCfg = Release|Any CPU
		{28563EAA-194F-4A1C-835A-94C0A68AA713}.Release|Any CPU.Build.0 = Release|Any CPU
		{DA6A18F7-D842-44B8-91D9-124BBCA45023}.Debug|Any CPU.ActiveCfg = Debug|Any CPU
		{DA6A18F7-D842-44B8-91D9-124BBCA45023}.Debug|Any CPU.Build.0 = Debug|Any CPU
		{DA6A18F7-D842-44B8-91D9-124BBCA45023}.Release|Any CPU.ActiveCfg = Release|Any CPU
		{DA6A18F7-D842-44B8-91D9-124BBCA45023}.Release|Any CPU.Build.0 = Release|Any CPU
		{3599663A-9643-45CE-8050-32640F261688}.Debug|Any CPU.ActiveCfg = Debug|Any CPU
		{3599663A-9643-45CE-8050-32640F261688}.Debug|Any CPU.Build.0 = Debug|Any CPU
		{3599663A-9643-45CE-8050-32640F261688}.Release|Any CPU.ActiveCfg = Release|Any CPU
		{3599663A-9643-45CE-8050-32640F261688}.Release|Any CPU.Build.0 = Release|Any CPU
		{196785BC-C3F2-4909-85A8-15E8CB8EB542}.Debug|Any CPU.ActiveCfg = Debug|Any CPU
		{196785BC-C3F2-4909-85A8-15E8CB8EB542}.Debug|Any CPU.Build.0 = Debug|Any CPU
		{196785BC-C3F2-4909-85A8-15E8CB8EB542}.Release|Any CPU.ActiveCfg = Release|Any CPU
		{196785BC-C3F2-4909-85A8-15E8CB8EB542}.Release|Any CPU.Build.0 = Release|Any CPU
		{DC30BB4E-EA89-487F-A42C-A4E685D7FB7B}.Debug|Any CPU.ActiveCfg = Debug|Any CPU
		{DC30BB4E-EA89-487F-A42C-A4E685D7FB7B}.Debug|Any CPU.Build.0 = Debug|Any CPU
		{DC30BB4E-EA89-487F-A42C-A4E685D7FB7B}.Release|Any CPU.ActiveCfg = Release|Any CPU
		{DC30BB4E-EA89-487F-A42C-A4E685D7FB7B}.Release|Any CPU.Build.0 = Release|Any CPU
		{E7013FF8-A4CA-48BC-83EC-60A0FA897BB6}.Debug|Any CPU.ActiveCfg = Debug|Any CPU
		{E7013FF8-A4CA-48BC-83EC-60A0FA897BB6}.Debug|Any CPU.Build.0 = Debug|Any CPU
		{E7013FF8-A4CA-48BC-83EC-60A0FA897BB6}.Release|Any CPU.ActiveCfg = Release|Any CPU
		{E7013FF8-A4CA-48BC-83EC-60A0FA897BB6}.Release|Any CPU.Build.0 = Release|Any CPU
		{931F5233-9DC1-4B9D-9AA6-9A6D5D637EA9}.Debug|Any CPU.ActiveCfg = Debug|Any CPU
		{931F5233-9DC1-4B9D-9AA6-9A6D5D637EA9}.Debug|Any CPU.Build.0 = Debug|Any CPU
		{931F5233-9DC1-4B9D-9AA6-9A6D5D637EA9}.Release|Any CPU.ActiveCfg = Release|Any CPU
		{931F5233-9DC1-4B9D-9AA6-9A6D5D637EA9}.Release|Any CPU.Build.0 = Release|Any CPU
	EndGlobalSection
EndGlobal
